// !$*UTF8*$!
{
	archiveVersion = 1;
	classes = {
	};
	objectVersion = 56;
	objects = {

/* Begin PBXBuildFile section */
		3F8FD4DD2B9CD02500C36BD4 /* ExplorerApp.swift in Sources */ = {isa = PBXBuildFile; fileRef = 3F8FD4DC2B9CD02500C36BD4 /* ExplorerApp.swift */; };
		3F8FD4DF2B9CD02500C36BD4 /* ContentView.swift in Sources */ = {isa = PBXBuildFile; fileRef = 3F8FD4DE2B9CD02500C36BD4 /* ContentView.swift */; };
		3F8FD4E12B9CD02600C36BD4 /* Assets.xcassets in Resources */ = {isa = PBXBuildFile; fileRef = 3F8FD4E02B9CD02600C36BD4 /* Assets.xcassets */; };
		3F8FD4E42B9CD02600C36BD4 /* Preview Assets.xcassets in Resources */ = {isa = PBXBuildFile; fileRef = 3F8FD4E32B9CD02600C36BD4 /* Preview Assets.xcassets */; };
		3F8FD4EE2B9CD14800C36BD4 /* Breed.swift in Sources */ = {isa = PBXBuildFile; fileRef = 3F8FD4ED2B9CD14800C36BD4 /* Breed.swift */; };
		3F8FD4F02B9CD18D00C36BD4 /* BreedViewModel.swift in Sources */ = {isa = PBXBuildFile; fileRef = 3F8FD4EF2B9CD18D00C36BD4 /* BreedViewModel.swift */; };
		3F8FD4F22B9CD19D00C36BD4 /* BreedDetailsViewModel.swift in Sources */ = {isa = PBXBuildFile; fileRef = 3F8FD4F12B9CD19D00C36BD4 /* BreedDetailsViewModel.swift */; };
		3F8FD4F42B9CD1AF00C36BD4 /* ImageLoader.swift in Sources */ = {isa = PBXBuildFile; fileRef = 3F8FD4F32B9CD1AF00C36BD4 /* ImageLoader.swift */; };
		3F8FD4F62B9CD24500C36BD4 /* ImageView.swift in Sources */ = {isa = PBXBuildFile; fileRef = 3F8FD4F52B9CD24500C36BD4 /* ImageView.swift */; };
		3F8FD4F82B9CD27800C36BD4 /* BreedListView.swift in Sources */ = {isa = PBXBuildFile; fileRef = 3F8FD4F72B9CD27800C36BD4 /* BreedListView.swift */; };
		3F8FD4FA2B9CD2B200C36BD4 /* BreedDetailsView.swift in Sources */ = {isa = PBXBuildFile; fileRef = 3F8FD4F92B9CD2B200C36BD4 /* BreedDetailsView.swift */; };
/* End PBXBuildFile section */

/* Begin PBXFileReference section */
		3F8FD4D92B9CD02500C36BD4 /* Explorer.app */ = {isa = PBXFileReference; explicitFileType = wrapper.application; includeInIndex = 0; path = Explorer.app; sourceTree = BUILT_PRODUCTS_DIR; };
		3F8FD4DC2B9CD02500C36BD4 /* ExplorerApp.swift */ = {isa = PBXFileReference; lastKnownFileType = sourcecode.swift; path = ExplorerApp.swift; sourceTree = "<group>"; };
		3F8FD4DE2B9CD02500C36BD4 /* ContentView.swift */ = {isa = PBXFileReference; lastKnownFileType = sourcecode.swift; path = ContentView.swift; sourceTree = "<group>"; };
		3F8FD4E02B9CD02600C36BD4 /* Assets.xcassets */ = {isa = PBXFileReference; lastKnownFileType = folder.assetcatalog; path = Assets.xcassets; sourceTree = "<group>"; };
		3F8FD4E32B9CD02600C36BD4 /* Preview Assets.xcassets */ = {isa = PBXFileReference; lastKnownFileType = folder.assetcatalog; path = "Preview Assets.xcassets"; sourceTree = "<group>"; };
		3F8FD4ED2B9CD14800C36BD4 /* Breed.swift */ = {isa = PBXFileReference; lastKnownFileType = sourcecode.swift; path = Breed.swift; sourceTree = "<group>"; };
		3F8FD4EF2B9CD18D00C36BD4 /* BreedViewModel.swift */ = {isa = PBXFileReference; lastKnownFileType = sourcecode.swift; path = BreedViewModel.swift; sourceTree = "<group>"; };
		3F8FD4F12B9CD19D00C36BD4 /* BreedDetailsViewModel.swift */ = {isa = PBXFileReference; lastKnownFileType = sourcecode.swift; path = BreedDetailsViewModel.swift; sourceTree = "<group>"; };
		3F8FD4F32B9CD1AF00C36BD4 /* ImageLoader.swift */ = {isa = PBXFileReference; lastKnownFileType = sourcecode.swift; path = ImageLoader.swift; sourceTree = "<group>"; };
		3F8FD4F52B9CD24500C36BD4 /* ImageView.swift */ = {isa = PBXFileReference; lastKnownFileType = sourcecode.swift; path = ImageView.swift; sourceTree = "<group>"; };
		3F8FD4F72B9CD27800C36BD4 /* BreedListView.swift */ = {isa = PBXFileReference; lastKnownFileType = sourcecode.swift; path = BreedListView.swift; sourceTree = "<group>"; };
		3F8FD4F92B9CD2B200C36BD4 /* BreedDetailsView.swift */ = {isa = PBXFileReference; lastKnownFileType = sourcecode.swift; path = BreedDetailsView.swift; sourceTree = "<group>"; };
/* End PBXFileReference section */

/* Begin PBXFrameworksBuildPhase section */
		3F8FD4D62B9CD02500C36BD4 /* Frameworks */ = {
			isa = PBXFrameworksBuildPhase;
			buildActionMask = 2147483647;
			files = (
			);
			runOnlyForDeploymentPostprocessing = 0;
		};
/* End PBXFrameworksBuildPhase section */

/* Begin PBXGroup section */
		3F8FD4D02B9CD02500C36BD4 = {
			isa = PBXGroup;
			children = (
				3F8FD4DB2B9CD02500C36BD4 /* Explorer */,
				3F8FD4DA2B9CD02500C36BD4 /* Products */,
			);
			sourceTree = "<group>";
		};
		3F8FD4DA2B9CD02500C36BD4 /* Products */ = {
			isa = PBXGroup;
			children = (
				3F8FD4D92B9CD02500C36BD4 /* Explorer.app */,
			);
			name = Products;
			sourceTree = "<group>";
		};
		3F8FD4DB2B9CD02500C36BD4 /* Explorer */ = {
			isa = PBXGroup;
			children = (
				3F8FD4EC2B9CD08000C36BD4 /* Models */,
				3F8FD4EB2B9CD07100C36BD4 /* ViewModels */,
				3F8FD4EA2B9CD05400C36BD4 /* Views */,
				3F8FD4DC2B9CD02500C36BD4 /* ExplorerApp.swift */,
				3F8FD4E02B9CD02600C36BD4 /* Assets.xcassets */,
				3F8FD4E22B9CD02600C36BD4 /* Preview Content */,
			);
			path = Explorer;
			sourceTree = "<group>";
		};
		3F8FD4E22B9CD02600C36BD4 /* Preview Content */ = {
			isa = PBXGroup;
			children = (
				3F8FD4E32B9CD02600C36BD4 /* Preview Assets.xcassets */,
			);
			path = "Preview Content";
			sourceTree = "<group>";
		};
		3F8FD4EA2B9CD05400C36BD4 /* Views */ = {
			isa = PBXGroup;
			children = (
				3F8FD4DE2B9CD02500C36BD4 /* ContentView.swift */,
				3F8FD4F52B9CD24500C36BD4 /* ImageView.swift */,
				3F8FD4F72B9CD27800C36BD4 /* BreedListView.swift */,
				3F8FD4F92B9CD2B200C36BD4 /* BreedDetailsView.swift */,
			);
			path = Views;
			sourceTree = "<group>";
		};
		3F8FD4EB2B9CD07100C36BD4 /* ViewModels */ = {
			isa = PBXGroup;
			children = (
				3F8FD4EF2B9CD18D00C36BD4 /* BreedViewModel.swift */,
				3F8FD4F12B9CD19D00C36BD4 /* BreedDetailsViewModel.swift */,
				3F8FD4F32B9CD1AF00C36BD4 /* ImageLoader.swift */,
			);
			path = ViewModels;
			sourceTree = "<group>";
		};
		3F8FD4EC2B9CD08000C36BD4 /* Models */ = {
			isa = PBXGroup;
			children = (
				3F8FD4ED2B9CD14800C36BD4 /* Breed.swift */,
			);
			path = Models;
			sourceTree = "<group>";
		};
/* End PBXGroup section */

/* Begin PBXNativeTarget section */
		3F8FD4D82B9CD02500C36BD4 /* Explorer */ = {
			isa = PBXNativeTarget;
			buildConfigurationList = 3F8FD4E72B9CD02600C36BD4 /* Build configuration list for PBXNativeTarget "Explorer" */;
			buildPhases = (
				3F8FD4D52B9CD02500C36BD4 /* Sources */,
				3F8FD4D62B9CD02500C36BD4 /* Frameworks */,
				3F8FD4D72B9CD02500C36BD4 /* Resources */,
			);
			buildRules = (
			);
			dependencies = (
			);
			name = Explorer;
			productName = Explorer;
			productReference = 3F8FD4D92B9CD02500C36BD4 /* Explorer.app */;
			productType = "com.apple.product-type.application";
		};
/* End PBXNativeTarget section */

/* Begin PBXProject section */
		3F8FD4D12B9CD02500C36BD4 /* Project object */ = {
			isa = PBXProject;
			attributes = {
				BuildIndependentTargetsInParallel = 1;
				LastSwiftUpdateCheck = 1520;
				LastUpgradeCheck = 1520;
				TargetAttributes = {
					3F8FD4D82B9CD02500C36BD4 = {
						CreatedOnToolsVersion = 15.2;
					};
				};
			};
			buildConfigurationList = 3F8FD4D42B9CD02500C36BD4 /* Build configuration list for PBXProject "Explorer" */;
			compatibilityVersion = "Xcode 14.0";
			developmentRegion = en;
			hasScannedForEncodings = 0;
			knownRegions = (
				en,
				Base,
			);
			mainGroup = 3F8FD4D02B9CD02500C36BD4;
			productRefGroup = 3F8FD4DA2B9CD02500C36BD4 /* Products */;
			projectDirPath = "";
			projectRoot = "";
			targets = (
				3F8FD4D82B9CD02500C36BD4 /* Explorer */,
			);
		};
/* End PBXProject section */

/* Begin PBXResourcesBuildPhase section */
		3F8FD4D72B9CD02500C36BD4 /* Resources */ = {
			isa = PBXResourcesBuildPhase;
			buildActionMask = 2147483647;
			files = (
				3F8FD4E42B9CD02600C36BD4 /* Preview Assets.xcassets in Resources */,
				3F8FD4E12B9CD02600C36BD4 /* Assets.xcassets in Resources */,
			);
			runOnlyForDeploymentPostprocessing = 0;
		};
/* End PBXResourcesBuildPhase section */

/* Begin PBXSourcesBuildPhase section */
		3F8FD4D52B9CD02500C36BD4 /* Sources */ = {
			isa = PBXSourcesBuildPhase;
			buildActionMask = 2147483647;
			files = (
				3F8FD4EE2B9CD14800C36BD4 /* Breed.swift in Sources */,
				3F8FD4F02B9CD18D00C36BD4 /* BreedViewModel.swift in Sources */,
				3F8FD4F42B9CD1AF00C36BD4 /* ImageLoader.swift in Sources */,
				3F8FD4F22B9CD19D00C36BD4 /* BreedDetailsViewModel.swift in Sources */,
				3F8FD4DF2B9CD02500C36BD4 /* ContentView.swift in Sources */,
				3F8FD4F62B9CD24500C36BD4 /* ImageView.swift in Sources */,
				3F8FD4FA2B9CD2B200C36BD4 /* BreedDetailsView.swift in Sources */,
				3F8FD4DD2B9CD02500C36BD4 /* ExplorerApp.swift in Sources */,
				3F8FD4F82B9CD27800C36BD4 /* BreedListView.swift in Sources */,
			);
			runOnlyForDeploymentPostprocessing = 0;
		};
/* End PBXSourcesBuildPhase section */

/* Begin XCBuildConfiguration section */
		3F8FD4E52B9CD02600C36BD4 /* Debug */ = {
			isa = XCBuildConfiguration;
			buildSettings = {
				ALWAYS_SEARCH_USER_PATHS = NO;
				ASSETCATALOG_COMPILER_GENERATE_SWIFT_ASSET_SYMBOL_EXTENSIONS = YES;
				CLANG_ANALYZER_NONNULL = YES;
				CLANG_ANALYZER_NUMBER_OBJECT_CONVERSION = YES_AGGRESSIVE;
				CLANG_CXX_LANGUAGE_STANDARD = "gnu++20";
				CLANG_ENABLE_MODULES = YES;
				CLANG_ENABLE_OBJC_ARC = YES;
				CLANG_ENABLE_OBJC_WEAK = YES;
				CLANG_WARN_BLOCK_CAPTURE_AUTORELEASING = YES;
				CLANG_WARN_BOOL_CONVERSION = YES;
				CLANG_WARN_COMMA = YES;
				CLANG_WARN_CONSTANT_CONVERSION = YES;
				CLANG_WARN_DEPRECATED_OBJC_IMPLEMENTATIONS = YES;
				CLANG_WARN_DIRECT_OBJC_ISA_USAGE = YES_ERROR;
				CLANG_WARN_DOCUMENTATION_COMMENTS = YES;
				CLANG_WARN_EMPTY_BODY = YES;
				CLANG_WARN_ENUM_CONVERSION = YES;
				CLANG_WARN_INFINITE_RECURSION = YES;
				CLANG_WARN_INT_CONVERSION = YES;
				CLANG_WARN_NON_LITERAL_NULL_CONVERSION = YES;
				CLANG_WARN_OBJC_IMPLICIT_RETAIN_SELF = YES;
				CLANG_WARN_OBJC_LITERAL_CONVERSION = YES;
				CLANG_WARN_OBJC_ROOT_CLASS = YES_ERROR;
				CLANG_WARN_QUOTED_INCLUDE_IN_FRAMEWORK_HEADER = YES;
				CLANG_WARN_RANGE_LOOP_ANALYSIS = YES;
				CLANG_WARN_STRICT_PROTOTYPES = YES;
				CLANG_WARN_SUSPICIOUS_MOVE = YES;
				CLANG_WARN_UNGUARDED_AVAILABILITY = YES_AGGRESSIVE;
				CLANG_WARN_UNREACHABLE_CODE = YES;
				CLANG_WARN__DUPLICATE_METHOD_MATCH = YES;
				COPY_PHASE_STRIP = NO;
				DEBUG_INFORMATION_FORMAT = dwarf;
				ENABLE_STRICT_OBJC_MSGSEND = YES;
				ENABLE_TESTABILITY = YES;
				ENABLE_USER_SCRIPT_SANDBOXING = YES;
				GCC_C_LANGUAGE_STANDARD = gnu17;
				GCC_DYNAMIC_NO_PIC = NO;
				GCC_NO_COMMON_BLOCKS = YES;
				GCC_OPTIMIZATION_LEVEL = 0;
				GCC_PREPROCESSOR_DEFINITIONS = (
					"DEBUG=1",
					"$(inherited)",
				);
				GCC_WARN_64_TO_32_BIT_CONVERSION = YES;
				GCC_WARN_ABOUT_RETURN_TYPE = YES_ERROR;
				GCC_WARN_UNDECLARED_SELECTOR = YES;
				GCC_WARN_UNINITIALIZED_AUTOS = YES_AGGRESSIVE;
				GCC_WARN_UNUSED_FUNCTION = YES;
				GCC_WARN_UNUSED_VARIABLE = YES;
				IPHONEOS_DEPLOYMENT_TARGET = 17.2;
				LOCALIZATION_PREFERS_STRING_CATALOGS = YES;
				MTL_ENABLE_DEBUG_INFO = INCLUDE_SOURCE;
				MTL_FAST_MATH = YES;
				ONLY_ACTIVE_ARCH = YES;
				SDKROOT = iphoneos;
				SWIFT_ACTIVE_COMPILATION_CONDITIONS = "DEBUG $(inherited)";
				SWIFT_OPTIMIZATION_LEVEL = "-Onone";
			};
			name = Debug;
		};
		3F8FD4E62B9CD02600C36BD4 /* Release */ = {
			isa = XCBuildConfiguration;
			buildSettings = {
				ALWAYS_SEARCH_USER_PATHS = NO;
				ASSETCATALOG_COMPILER_GENERATE_SWIFT_ASSET_SYMBOL_EXTENSIONS = YES;
				CLANG_ANALYZER_NONNULL = YES;
				CLANG_ANALYZER_NUMBER_OBJECT_CONVERSION = YES_AGGRESSIVE;
				CLANG_CXX_LANGUAGE_STANDARD = "gnu++20";
				CLANG_ENABLE_MODULES = YES;
				CLANG_ENABLE_OBJC_ARC = YES;
				CLANG_ENABLE_OBJC_WEAK = YES;
				CLANG_WARN_BLOCK_CAPTURE_AUTORELEASING = YES;
				CLANG_WARN_BOOL_CONVERSION = YES;
				CLANG_WARN_COMMA = YES;
				CLANG_WARN_CONSTANT_CONVERSION = YES;
				CLANG_WARN_DEPRECATED_OBJC_IMPLEMENTATIONS = YES;
				CLANG_WARN_DIRECT_OBJC_ISA_USAGE = YES_ERROR;
				CLANG_WARN_DOCUMENTATION_COMMENTS = YES;
				CLANG_WARN_EMPTY_BODY = YES;
				CLANG_WARN_ENUM_CONVERSION = YES;
				CLANG_WARN_INFINITE_RECURSION = YES;
				CLANG_WARN_INT_CONVERSION = YES;
				CLANG_WARN_NON_LITERAL_NULL_CONVERSION = YES;
				CLANG_WARN_OBJC_IMPLICIT_RETAIN_SELF = YES;
				CLANG_WARN_OBJC_LITERAL_CONVERSION = YES;
				CLANG_WARN_OBJC_ROOT_CLASS = YES_ERROR;
				CLANG_WARN_QUOTED_INCLUDE_IN_FRAMEWORK_HEADER = YES;
				CLANG_WARN_RANGE_LOOP_ANALYSIS = YES;
				CLANG_WARN_STRICT_PROTOTYPES = YES;
				CLANG_WARN_SUSPICIOUS_MOVE = YES;
				CLANG_WARN_UNGUARDED_AVAILABILITY = YES_AGGRESSIVE;
				CLANG_WARN_UNREACHABLE_CODE = YES;
				CLANG_WARN__DUPLICATE_METHOD_MATCH = YES;
				COPY_PHASE_STRIP = NO;
				DEBUG_INFORMATION_FORMAT = "dwarf-with-dsym";
				ENABLE_NS_ASSERTIONS = NO;
				ENABLE_STRICT_OBJC_MSGSEND = YES;
				ENABLE_USER_SCRIPT_SANDBOXING = YES;
				GCC_C_LANGUAGE_STANDARD = gnu17;
				GCC_NO_COMMON_BLOCKS = YES;
				GCC_WARN_64_TO_32_BIT_CONVERSION = YES;
				GCC_WARN_ABOUT_RETURN_TYPE = YES_ERROR;
				GCC_WARN_UNDECLARED_SELECTOR = YES;
				GCC_WARN_UNINITIALIZED_AUTOS = YES_AGGRESSIVE;
				GCC_WARN_UNUSED_FUNCTION = YES;
				GCC_WARN_UNUSED_VARIABLE = YES;
				IPHONEOS_DEPLOYMENT_TARGET = 17.2;
				LOCALIZATION_PREFERS_STRING_CATALOGS = YES;
				MTL_ENABLE_DEBUG_INFO = NO;
				MTL_FAST_MATH = YES;
				SDKROOT = iphoneos;
				SWIFT_COMPILATION_MODE = wholemodule;
				VALIDATE_PRODUCT = YES;
			};
			name = Release;
		};
		3F8FD4E82B9CD02600C36BD4 /* Debug */ = {
			isa = XCBuildConfiguration;
			buildSettings = {
				ASSETCATALOG_COMPILER_APPICON_NAME = AppIcon;
				ASSETCATALOG_COMPILER_GLOBAL_ACCENT_COLOR_NAME = AccentColor;
				CODE_SIGN_STYLE = Automatic;
				CURRENT_PROJECT_VERSION = 1;
				DEVELOPMENT_ASSET_PATHS = "\"Explorer/Preview Content\"";
				DEVELOPMENT_TEAM = 5364SKJKXU;
				ENABLE_PREVIEWS = YES;
				GENERATE_INFOPLIST_FILE = YES;
				INFOPLIST_KEY_UIApplicationSceneManifest_Generation = YES;
				INFOPLIST_KEY_UIApplicationSupportsIndirectInputEvents = YES;
				INFOPLIST_KEY_UILaunchScreen_Generation = YES;
				INFOPLIST_KEY_UISupportedInterfaceOrientations_iPad = "UIInterfaceOrientationPortrait UIInterfaceOrientationPortraitUpsideDown UIInterfaceOrientationLandscapeLeft UIInterfaceOrientationLandscapeRight";
				INFOPLIST_KEY_UISupportedInterfaceOrientations_iPhone = "UIInterfaceOrientationPortrait UIInterfaceOrientationLandscapeLeft UIInterfaceOrientationLandscapeRight";
				LD_RUNPATH_SEARCH_PATHS = (
					"$(inherited)",
					"@executable_path/Frameworks",
				);
				MARKETING_VERSION = 1.0;
				PRODUCT_BUNDLE_IDENTIFIER = at.ac.fhtstp.Explorer;
				PRODUCT_NAME = "$(TARGET_NAME)";
				SWIFT_EMIT_LOC_STRINGS = YES;
				SWIFT_VERSION = 5.0;
				TARGETED_DEVICE_FAMILY = "1,2";
			};
			name = Debug;
		};
		3F8FD4E92B9CD02600C36BD4 /* Release */ = {
			isa = XCBuildConfiguration;
			buildSettings = {
				ASSETCATALOG_COMPILER_APPICON_NAME = AppIcon;
				ASSETCATALOG_COMPILER_GLOBAL_ACCENT_COLOR_NAME = AccentColor;
				CODE_SIGN_STYLE = Automatic;
				CURRENT_PROJECT_VERSION = 1;
				DEVELOPMENT_ASSET_PATHS = "\"Explorer/Preview Content\"";
				DEVELOPMENT_TEAM = 5364SKJKXU;
				ENABLE_PREVIEWS = YES;
				GENERATE_INFOPLIST_FILE = YES;
				INFOPLIST_KEY_UIApplicationSceneManifest_Generation = YES;
				INFOPLIST_KEY_UIApplicationSupportsIndirectInputEvents = YES;
				INFOPLIST_KEY_UILaunchScreen_Generation = YES;
				INFOPLIST_KEY_UISupportedInterfaceOrientations_iPad = "UIInterfaceOrientationPortrait UIInterfaceOrientationPortraitUpsideDown UIInterfaceOrientationLandscapeLeft UIInterfaceOrientationLandscapeRight";
				INFOPLIST_KEY_UISupportedInterfaceOrientations_iPhone = "UIInterfaceOrientationPortrait UIInterfaceOrientationLandscapeLeft UIInterfaceOrientationLandscapeRight";
				LD_RUNPATH_SEARCH_PATHS = (
					"$(inherited)",
					"@executable_path/Frameworks",
				);
				MARKETING_VERSION = 1.0;
				PRODUCT_BUNDLE_IDENTIFIER = at.ac.fhtstp.Explorer;
				PRODUCT_NAME = "$(TARGET_NAME)";
				SWIFT_EMIT_LOC_STRINGS = YES;
				SWIFT_VERSION = 5.0;
				TARGETED_DEVICE_FAMILY = "1,2";
			};
			name = Release;
		};
/* End XCBuildConfiguration section */

/* Begin XCConfigurationList section */
		3F8FD4D42B9CD02500C36BD4 /* Build configuration list for PBXProject "Explorer" */ = {
			isa = XCConfigurationList;
			buildConfigurations = (
				3F8FD4E52B9CD02600C36BD4 /* Debug */,
				3F8FD4E62B9CD02600C36BD4 /* Release */,
			);
			defaultConfigurationIsVisible = 0;
			defaultConfigurationName = Release;
		};
		3F8FD4E72B9CD02600C36BD4 /* Build configuration list for PBXNativeTarget "Explorer" */ = {
			isa = XCConfigurationList;
			buildConfigurations = (
				3F8FD4E82B9CD02600C36BD4 /* Debug */,
				3F8FD4E92B9CD02600C36BD4 /* Release */,
			);
			defaultConfigurationIsVisible = 0;
			defaultConfigurationName = Release;
		};
/* End XCConfigurationList section */
	};
	rootObject = 3F8FD4D12B9CD02500C36BD4 /* Project object */;
}
